
Microsoft Visual Studio Solution File, Format Version 12.00
# Visual Studio 15
VisualStudioVersion = 15.0.28307.168
MinimumVisualStudioVersion = 10.0.40219.1
Project("{FAE04EC0-301F-11D3-BF4B-00C04F79EFBC}") = "FrequencyAnalyzer", "FrequencyAnalyzer.csproj", "{A70B8A85-17AC-488D-AC8A-3BD78484DA2B}"
EndProject
Global
	GlobalSection(SolutionConfigurationPlatforms) = preSolution
		Debug|Any CPU = Debug|Any CPU
		Release|Any CPU = Release|Any CPU
	EndGlobalSection
	GlobalSection(ProjectConfigurationPlatforms) = postSolution
		{A70B8A85-17AC-488D-AC8A-3BD78484DA2B}.Debug|Any CPU.ActiveCfg = Debug|Any CPU
		{A70B8A85-17AC-488D-AC8A-3BD78484DA2B}.Debug|Any CPU.Build.0 = Debug|Any CPU
		{A70B8A85-17AC-488D-AC8A-3BD78484DA2B}.Release|Any CPU.ActiveCfg = Release|Any CPU
		{A70B8A85-17AC-488D-AC8A-3BD78484DA2B}.Release|Any CPU.Build.0 = Release|Any CPU
	EndGlobalSection
	GlobalSection(SolutionProperties) = preSolution
		HideSolutionNode = FALSE
	EndGlobalSection
	GlobalSection(ExtensibilityGlobals) = postSolution
		SolutionGuid = {7F672344-ED77-4503-9205-BE7695FC18EC}
	EndGlobalSection
EndGlobal
